
Microsoft Visual Studio Solution File, Format Version 12.00
# Visual Studio Version 17
VisualStudioVersion = 17.5.002.0
MinimumVisualStudioVersion = 10.0.40219.1
Project("{9A19103F-16F7-4668-BE54-9A1E7A4F7556}") = "MiWebAPI", "MiWebAPI\MiWebAPI.csproj", "{018E0CE9-177F-478E-919D-F14FD3EA5332}"
EndProject
Global
	GlobalSection(SolutionConfigurationPlatforms) = preSolution
		Debug|Any CPU = Debug|Any CPU
		Release|Any CPU = Release|Any CPU
	EndGlobalSection
	GlobalSection(ProjectConfigurationPlatforms) = postSolution
		{018E0CE9-177F-478E-919D-F14FD3EA5332}.Debug|Any CPU.ActiveCfg = Debug|Any CPU
		{018E0CE9-177F-478E-919D-F14FD3EA5332}.Debug|Any CPU.Build.0 = Debug|Any CPU
		{018E0CE9-177F-478E-919D-F14FD3EA5332}.Release|Any CPU.ActiveCfg = Release|Any CPU
		{018E0CE9-177F-478E-919D-F14FD3EA5332}.Release|Any CPU.Build.0 = Release|Any CPU
	EndGlobalSection
	GlobalSection(SolutionProperties) = preSolution
		HideSolutionNode = FALSE
	EndGlobalSection
	GlobalSection(ExtensibilityGlobals) = postSolution
		SolutionGuid = {6B16FC87-0478-4260-B619-63649644DE3A}
	EndGlobalSection
EndGlobal
